
Microsoft Visual Studio Solution File, Format Version 12.00
# Visual Studio Version 17
VisualStudioVersion = 17.4.33213.308
MinimumVisualStudioVersion = 10.0.40219.1
Project("{9A19103F-16F7-4668-BE54-9A1E7A4F7556}") = "Containeraization", "Containeraization\Containeraization.csproj", "{8F8B7B93-CA44-45FE-A1C9-054A5CFB1B19}"
EndProject
Project("{9A19103F-16F7-4668-BE54-9A1E7A4F7556}") = "Entities", "Entities\Entities.csproj", "{07E34281-CE29-4E3D-BCEB-1567631B9A99}"
EndProject
Project("{9A19103F-16F7-4668-BE54-9A1E7A4F7556}") = "RepositoryContext", "RepositoryContext\RepositoryContext.csproj", "{5B095E5C-02F5-478C-9BE4-D7B8BDCC6016}"
EndProject
Project("{9A19103F-16F7-4668-BE54-9A1E7A4F7556}") = "Operations", "Operations\Operations.csproj", "{3DAC3EDE-0142-4D67-9180-FA25FF8BF7FF}"
EndProject
Project("{9A19103F-16F7-4668-BE54-9A1E7A4F7556}") = "Services", "Services\Services.csproj", "{747618C5-4734-4F0B-8582-27A1ECF4E84C}"
EndProject
Project("{E53339B2-1760-4266-BCC7-CA923CBCF16C}") = "docker-compose", "docker-compose.dcproj", "{4223B4DA-6298-4D5C-A43F-DB8322D76C19}"
EndProject
Project("{E24C65DC-7377-472B-9ABA-BC803B73C61A}") = "client", "client\", "{26C942E6-C150-41E4-B76F-2A2E01A950B6}"
	ProjectSection(WebsiteProperties) = preProject
		TargetFrameworkMoniker = ".NETFramework,Version%3Dv4.8"
		Debug.AspNetCompiler.VirtualPath = "/localhost_57142"
		Debug.AspNetCompiler.PhysicalPath = "client\"
		Debug.AspNetCompiler.TargetPath = "PrecompiledWeb\localhost_57142\"
		Debug.AspNetCompiler.Updateable = "true"
		Debug.AspNetCompiler.ForceOverwrite = "true"
		Debug.AspNetCompiler.FixedNames = "false"
		Debug.AspNetCompiler.Debug = "True"
		Release.AspNetCompiler.VirtualPath = "/localhost_57142"
		Release.AspNetCompiler.PhysicalPath = "client\"
		Release.AspNetCompiler.TargetPath = "PrecompiledWeb\localhost_57142\"
		Release.AspNetCompiler.Updateable = "true"
		Release.AspNetCompiler.ForceOverwrite = "true"
		Release.AspNetCompiler.FixedNames = "false"
		Release.AspNetCompiler.Debug = "False"
		VWDPort = "57142"
		SlnRelativePath = "client\"
	EndProjectSection
EndProject
Global
	GlobalSection(SolutionConfigurationPlatforms) = preSolution
		Debug|Any CPU = Debug|Any CPU
		Release|Any CPU = Release|Any CPU
	EndGlobalSection
	GlobalSection(ProjectConfigurationPlatforms) = postSolution
		{8F8B7B93-CA44-45FE-A1C9-054A5CFB1B19}.Debug|Any CPU.ActiveCfg = Debug|Any CPU
		{8F8B7B93-CA44-45FE-A1C9-054A5CFB1B19}.Debug|Any CPU.Build.0 = Debug|Any CPU
		{8F8B7B93-CA44-45FE-A1C9-054A5CFB1B19}.Release|Any CPU.ActiveCfg = Release|Any CPU
		{8F8B7B93-CA44-45FE-A1C9-054A5CFB1B19}.Release|Any CPU.Build.0 = Release|Any CPU
		{07E34281-CE29-4E3D-BCEB-1567631B9A99}.Debug|Any CPU.ActiveCfg = Debug|Any CPU
		{07E34281-CE29-4E3D-BCEB-1567631B9A99}.Debug|Any CPU.Build.0 = Debug|Any CPU
		{07E34281-CE29-4E3D-BCEB-1567631B9A99}.Release|Any CPU.ActiveCfg = Release|Any CPU
		{07E34281-CE29-4E3D-BCEB-1567631B9A99}.Release|Any CPU.Build.0 = Release|Any CPU
		{5B095E5C-02F5-478C-9BE4-D7B8BDCC6016}.Debug|Any CPU.ActiveCfg = Debug|Any CPU
		{5B095E5C-02F5-478C-9BE4-D7B8BDCC6016}.Debug|Any CPU.Build.0 = Debug|Any CPU
		{5B095E5C-02F5-478C-9BE4-D7B8BDCC6016}.Release|Any CPU.ActiveCfg = Release|Any CPU
		{5B095E5C-02F5-478C-9BE4-D7B8BDCC6016}.Release|Any CPU.Build.0 = Release|Any CPU
		{3DAC3EDE-0142-4D67-9180-FA25FF8BF7FF}.Debug|Any CPU.ActiveCfg = Debug|Any CPU
		{3DAC3EDE-0142-4D67-9180-FA25FF8BF7FF}.Debug|Any CPU.Build.0 = Debug|Any CPU
		{3DAC3EDE-0142-4D67-9180-FA25FF8BF7FF}.Release|Any CPU.ActiveCfg = Release|Any CPU
		{3DAC3EDE-0142-4D67-9180-FA25FF8BF7FF}.Release|Any CPU.Build.0 = Release|Any CPU
		{747618C5-4734-4F0B-8582-27A1ECF4E84C}.Debug|Any CPU.ActiveCfg = Debug|Any CPU
		{747618C5-4734-4F0B-8582-27A1ECF4E84C}.Debug|Any CPU.Build.0 = Debug|Any CPU
		{747618C5-4734-4F0B-8582-27A1ECF4E84C}.Release|Any CPU.ActiveCfg = Release|Any CPU
		{747618C5-4734-4F0B-8582-27A1ECF4E84C}.Release|Any CPU.Build.0 = Release|Any CPU
		{4223B4DA-6298-4D5C-A43F-DB8322D76C19}.Debug|Any CPU.ActiveCfg = Debug|Any CPU
		{4223B4DA-6298-4D5C-A43F-DB8322D76C19}.Debug|Any CPU.Build.0 = Debug|Any CPU
		{4223B4DA-6298-4D5C-A43F-DB8322D76C19}.Release|Any CPU.ActiveCfg = Release|Any CPU
		{4223B4DA-6298-4D5C-A43F-DB8322D76C19}.Release|Any CPU.Build.0 = Release|Any CPU
		{26C942E6-C150-41E4-B76F-2A2E01A950B6}.Debug|Any CPU.ActiveCfg = Debug|Any CPU
		{26C942E6-C150-41E4-B76F-2A2E01A950B6}.Release|Any CPU.ActiveCfg = Debug|Any CPU
		{26C942E6-C150-41E4-B76F-2A2E01A950B6}.Release|Any CPU.Build.0 = Debug|Any CPU
	EndGlobalSection
	GlobalSection(SolutionProperties) = preSolution
		HideSolutionNode = FALSE
	EndGlobalSection
	GlobalSection(ExtensibilityGlobals) = postSolution
		SolutionGuid = {BA7D8DB7-FAD0-47BC-AE64-E589BB0C2C88}
	EndGlobalSection
EndGlobal
